
Microsoft Visual Studio Solution File, Format Version 12.00
# Visual Studio Version 16
VisualStudioVersion = 16.0.31501.217
MinimumVisualStudioVersion = 10.0.40219.1
Project("{9A19103F-16F7-4668-BE54-9A1E7A4F7556}") = "Foodordering", "Foodordering.csproj", "{A6087DDE-48C6-4450-9438-D224A96D4414}"
EndProject
Global
	GlobalSection(SolutionConfigurationPlatforms) = preSolution
		Debug|Any CPU = Debug|Any CPU
		Release|Any CPU = Release|Any CPU
	EndGlobalSection
	GlobalSection(ProjectConfigurationPlatforms) = postSolution
		{A6087DDE-48C6-4450-9438-D224A96D4414}.Debug|Any CPU.ActiveCfg = Debug|Any CPU
		{A6087DDE-48C6-4450-9438-D224A96D4414}.Debug|Any CPU.Build.0 = Debug|Any CPU
		{A6087DDE-48C6-4450-9438-D224A96D4414}.Release|Any CPU.ActiveCfg = Release|Any CPU
		{A6087DDE-48C6-4450-9438-D224A96D4414}.Release|Any CPU.Build.0 = Release|Any CPU
	EndGlobalSection
	GlobalSection(SolutionProperties) = preSolution
		HideSolutionNode = FALSE
	EndGlobalSection
	GlobalSection(ExtensibilityGlobals) = postSolution
		SolutionGuid = {5D49B38C-560B-45BB-8E66-83CF626F7089}
	EndGlobalSection
EndGlobal
